
Microsoft Visual Studio Solution File, Format Version 11.00
# Visual Studio Version 17

Project("{8BC9CEB8-8B4A-11D0-8D11-00A0C91BC942}") = "filterDesign - Standalone Plugin", "filterDesign_StandalonePlugin.vcxproj", "{28ADF459-3A56-6662-039C-F1AFD31A4DD6}"
	ProjectSection(ProjectDependencies) = postProject
		{8A12D855-1995-D475-BFDB-AEA6C6228866} = {8A12D855-1995-D475-BFDB-AEA6C6228866}
	EndProjectSection
EndProject
Project("{8BC9CEB8-8B4A-11D0-8D11-00A0C91BC942}") = "filterDesign - VST3", "filterDesign_VST3.vcxproj", "{C36288DA-EE11-AE2F-9DED-1EBA7027C4F2}"
	ProjectSection(ProjectDependencies) = postProject
		{8A12D855-1995-D475-BFDB-AEA6C6228866} = {8A12D855-1995-D475-BFDB-AEA6C6228866}
		{19C99AC4-8791-BB15-5E08-9CBD4281222F} = {19C99AC4-8791-BB15-5E08-9CBD4281222F}
	EndProjectSection
EndProject
Project("{8BC9CEB8-8B4A-11D0-8D11-00A0C91BC942}") = "filterDesign - Shared Code", "filterDesign_SharedCode.vcxproj", "{8A12D855-1995-D475-BFDB-AEA6C6228866}"
EndProject
Project("{8BC9CEB8-8B4A-11D0-8D11-00A0C91BC942}") = "filterDesign - VST3 Manifest Helper", "filterDesign_VST3ManifestHelper.vcxproj", "{19C99AC4-8791-BB15-5E08-9CBD4281222F}"
EndProject
Global
	GlobalSection(SolutionConfigurationPlatforms) = preSolution
		Debug|x64 = Debug|x64
		Release|x64 = Release|x64
	EndGlobalSection
	GlobalSection(ProjectConfigurationPlatforms) = postSolution
		{C36288DA-EE11-AE2F-9DED-1EBA7027C4F2}.Debug|x64.ActiveCfg = Debug|x64
		{C36288DA-EE11-AE2F-9DED-1EBA7027C4F2}.Debug|x64.Build.0 = Debug|x64
		{C36288DA-EE11-AE2F-9DED-1EBA7027C4F2}.Release|x64.ActiveCfg = Release|x64
		{C36288DA-EE11-AE2F-9DED-1EBA7027C4F2}.Release|x64.Build.0 = Release|x64
		{28ADF459-3A56-6662-039C-F1AFD31A4DD6}.Debug|x64.ActiveCfg = Debug|x64
		{28ADF459-3A56-6662-039C-F1AFD31A4DD6}.Debug|x64.Build.0 = Debug|x64
		{28ADF459-3A56-6662-039C-F1AFD31A4DD6}.Release|x64.ActiveCfg = Release|x64
		{28ADF459-3A56-6662-039C-F1AFD31A4DD6}.Release|x64.Build.0 = Release|x64
		{8A12D855-1995-D475-BFDB-AEA6C6228866}.Debug|x64.ActiveCfg = Debug|x64
		{8A12D855-1995-D475-BFDB-AEA6C6228866}.Debug|x64.Build.0 = Debug|x64
		{8A12D855-1995-D475-BFDB-AEA6C6228866}.Release|x64.ActiveCfg = Release|x64
		{8A12D855-1995-D475-BFDB-AEA6C6228866}.Release|x64.Build.0 = Release|x64
		{19C99AC4-8791-BB15-5E08-9CBD4281222F}.Debug|x64.ActiveCfg = Debug|x64
		{19C99AC4-8791-BB15-5E08-9CBD4281222F}.Debug|x64.Build.0 = Debug|x64
		{19C99AC4-8791-BB15-5E08-9CBD4281222F}.Release|x64.ActiveCfg = Release|x64
		{19C99AC4-8791-BB15-5E08-9CBD4281222F}.Release|x64.Build.0 = Release|x64
	EndGlobalSection
	GlobalSection(SolutionProperties) = preSolution
		HideSolutionNode = FALSE
	EndGlobalSection
EndGlobal
